<?xml version="1.0" encoding="UTF-8" standalone="yes" ?>
<CodeBlocks_project_file>
	<FileVersion major="1" minor="6" />
	<Project>
		<Option title="ideas" />
		<Option makefile="makefile" />
		<Option pch_mode="2" />
		<Option compiler="gcc" />
		<Build>
			<Target title="Debug">
				<Option output="bin/Debug/ideas" prefix_auto="1" extension_auto="1" />
				<Option object_output="obj/Debug/" />
				<Option type="1" />
				<Option compiler="gcc" />
				<Compiler>
					<Add option="-g" />
				</Compiler>
			</Target>
			<Target title="Release">
				<Option output="bin/Release/ideas" prefix_auto="1" extension_auto="1" />
				<Option object_output="obj/Release/" />
				<Option type="1" />
				<Option compiler="gcc" />
				<Compiler>
					<Add option="-march=i686" />
					<Add option="-O2" />
					<Add option="-fno-dse" />
				</Compiler>
				<Linker>
					<Add option="-s" />
				</Linker>
			</Target>
		</Build>
		<Compiler>
			<Add option="-Wall" />
			<Add option="-D_LZMA_OUT_READ" />
			<Add option="-D_WIN32_IE=0x500" />
			<Add option="-D_DEBUG" />
			<Add directory="/media/H/ideas/" />
			<Add directory="3d" />
			<Add directory="cpu" />
			<Add directory="cpu/arm9" />
			<Add directory="cpu/arm7" />
			<Add directory="debug" />
			<Add directory="gfx" />
			<Add directory="ext" />
			<Add directory="fat" />
			<Add directory="zip" />
			<Add directory="7z" />
			<Add directory="gba" />
			<Add directory="linux" />
			<Add directory="../zlib" />
			<Add directory="../lzma/C/Archive/7z" />
			<Add directory="../lzma/C/Compress/Lzma" />
			<Add directory="../lzma/C/Compress/Branch" />
			<Add directory="../lzma/C" />
			<Add directory="plugin" />
			<Add directory="plugin/aud" />
			<Add directory="/usr/lib/gtk-2.0/include" />
			<Add directory="/usr/lib/glib-2.0/include" />
			<Add directory="/usr/include/gtk-2.0" />
			<Add directory="/usr/include/glib-2.0" />
			<Add directory="/usr/include/pango-1.0" />
			<Add directory="/usr/include/cairo" />
			<Add directory="/usr/include/atk-1.0" />
			<Add directory="/usr/include/gio-unix-2.0/" />
		</Compiler>
		<Linker>
			<Add library="GL" />
			<Add library="z" />
			<Add library="gtk-x11-2.0" />
			<Add library="7z" />
			<Add library="pthread" />
			<Add library="rt" />
			<Add library="gio-2.0" />
			<Add directory="/media/H/lzma/c/archive/7z" />
		</Linker>
		<Unit filename="3d/3d.cpp" />
		<Unit filename="3d/3dguid.cpp" />
		<Unit filename="3d/gl_extension.cpp" />
		<Unit filename="3d/math3.cpp" />
		<Unit filename="3d/math3sse.s">
			<Option compiler="gcc" use="1" buildCommand="nasm -felf -o $object $file" />
		</Unit>
		<Unit filename="3d/stack.cpp" />
		<Unit filename="7z/7zfile.cpp" />
		<Unit filename="7z/7zfile.h" />
		<Unit filename="KeyConfig.cpp" />
		<Unit filename="audioplug.cpp" />
		<Unit filename="bios.cpp" />
		<Unit filename="cbds.cpp" />
		<Unit filename="cheats.cpp" />
		<Unit filename="cpu.cpp" />
		<Unit filename="cpu/arm7/arm7.cpp" />
		<Unit filename="cpu/arm9/arm9.cpp" />
		<Unit filename="cpu/cpu_0.cpp" />
		<Unit filename="cpu/syscnt.cpp" />
		<Unit filename="debug/ConsolleDlg.cpp" />
		<Unit filename="debug/ToolDlg.cpp" />
		<Unit filename="debug/bp.cpp" />
		<Unit filename="debug/debug.cpp" />
		<Unit filename="debug/elf.cpp" />
		<Unit filename="debug/inputtext.cpp" />
		<Unit filename="debug/inspector.cpp" />
		<Unit filename="debug/ioviewer.cpp" />
		<Unit filename="debug/memview.cpp" />
		<Unit filename="debug/mtxviewer.cpp" />
		<Unit filename="debug/paletteviewer.cpp" />
		<Unit filename="debug/polyviewer.cpp" />
		<Unit filename="debug/spriteviewer.cpp" />
		<Unit filename="debug/textureviewer.cpp" />
		<Unit filename="debug/tileviewer.cpp" />
		<Unit filename="dlcd.cpp" />
		<Unit filename="dldiplugin.cpp" />
		<Unit filename="dsmem.cpp" />
		<Unit filename="ext/card.cpp" />
		<Unit filename="ext/cpm.cpp" />
		<Unit filename="ext/decrypt.cpp" />
		<Unit filename="ext/dma.cpp" />
		<Unit filename="ext/fw.cpp" />
		<Unit filename="ext/pxi.cpp" />
		<Unit filename="ext/rtc.cpp" />
		<Unit filename="ext/spi.cpp" />
		<Unit filename="ext/timers.cpp" />
		<Unit filename="ext/touch.cpp" />
		<Unit filename="fat/fat.cpp" />
		<Unit filename="fstream.cpp" />
		<Unit filename="gba/gbabackup.cpp" />
		<Unit filename="gfx/lcd.cpp" />
		<Unit filename="gfx/mode4.cpp" />
		<Unit filename="gfx/mode6.cpp" />
		<Unit filename="gfx/modeTile.cpp" />
		<Unit filename="gfx/sprite.cpp" />
		<Unit filename="gpu.cpp" />
		<Unit filename="graphicsplug.cpp" />
		<Unit filename="guitar_grip.cpp" />
		<Unit filename="ideas.cpp" />
		<Unit filename="ideas_ex.cpp" />
		<Unit filename="inputplug.cpp" />
		<Unit filename="io.cpp" />
		<Unit filename="language.cpp" />
		<Unit filename="lapp.cpp" />
		<Unit filename="lcanvas.cpp" />
		<Unit filename="ldlg.cpp" />
		<Unit filename="lds.cpp" />
		<Unit filename="license.cpp" />
		<Unit filename="linux/bitmap.cpp" />
		<Unit filename="linux/cell_render_ownerdraw.cpp" />
		<Unit filename="linux/dialog.cpp" />
		<Unit filename="linux/dsound.cpp" />
		<Unit filename="linux/lcaret.cpp" />
		<Unit filename="linux/lcommctrl.cpp" />
		<Unit filename="linux/lgdiobj.cpp" />
		<Unit filename="linux/ltabcontrol.cpp" />
		<Unit filename="linux/ltimer.cpp" />
		<Unit filename="linux/ltreeview.cpp" />
		<Unit filename="linux/lwindow.cpp" />
		<Unit filename="linux/lwindow_base.cpp" />
		<Unit filename="linux/menu.cpp" />
		<Unit filename="linux/syncobject.cpp" />
		<Unit filename="llist.cpp" />
		<Unit filename="lmenu.cpp" />
		<Unit filename="lopensavedlg.cpp" />
		<Unit filename="lregkey.cpp" />
		<Unit filename="lslist.cpp" />
		<Unit filename="lstring.cpp" />
		<Unit filename="lwnd.cpp" />
		<Unit filename="lzari.cpp" />
		<Unit filename="ndsreader.cpp" />
		<Unit filename="plugin.cpp" />
		<Unit filename="plugin/aud/sound.cpp" />
		<Unit filename="pluginctn.cpp" />
		<Unit filename="rominfo.cpp" />
		<Unit filename="savestate.cpp" />
		<Unit filename="ulcd.cpp" />
		<Unit filename="util.cpp" />
		<Unit filename="videoplug.cpp" />
		<Unit filename="wifiplugin.cpp" />
		<Unit filename="zip/zipfile.cpp" />
		<Extensions>
			<code_completion />
			<envvars />
			<debugger />
			<lib_finder disable_auto="1" />
		</Extensions>
	</Project>
</CodeBlocks_project_file>
